
Microsoft Visual Studio Solution File, Format Version 12.00
# Visual Studio 15
VisualStudioVersion = 15.0.28307.572
MinimumVisualStudioVersion = 10.0.40219.1
Project("{E24C65DC-7377-472B-9ABA-BC803B73C61A}") = "SolutionPackage", "SolutionPackage\", "{6C9A97A7-82FC-4C1D-A11F-5048BCA47A86}"
	ProjectSection(WebsiteProperties) = preProject
		TargetFrameworkMoniker = ".NETFramework,Version%3Dv4.0"
		Debug.AspNetCompiler.VirtualPath = "/localhost_52189"
		Debug.AspNetCompiler.PhysicalPath = "SolutionPackage\"
		Debug.AspNetCompiler.TargetPath = "PrecompiledWeb\localhost_52189\"
		Debug.AspNetCompiler.Updateable = "true"
		Debug.AspNetCompiler.ForceOverwrite = "true"
		Debug.AspNetCompiler.FixedNames = "false"
		Debug.AspNetCompiler.Debug = "True"
		Release.AspNetCompiler.VirtualPath = "/localhost_52189"
		Release.AspNetCompiler.PhysicalPath = "SolutionPackage\"
		Release.AspNetCompiler.TargetPath = "PrecompiledWeb\localhost_52189\"
		Release.AspNetCompiler.Updateable = "true"
		Release.AspNetCompiler.ForceOverwrite = "true"
		Release.AspNetCompiler.FixedNames = "false"
		Release.AspNetCompiler.Debug = "False"
		VWDPort = "52189"
		SlnRelativePath = "SolutionPackage\"
	EndProjectSection
EndProject
Project("{E24C65DC-7377-472B-9ABA-BC803B73C61A}") = "WebResources", "WebResources\", "{A23954EE-20E3-49CD-97C2-D1B5DA4712B7}"
	ProjectSection(WebsiteProperties) = preProject
		TargetFrameworkMoniker = ".NETFramework,Version%3Dv4.0"
		Debug.AspNetCompiler.VirtualPath = "/localhost_2266"
		Debug.AspNetCompiler.PhysicalPath = "WebResources\"
		Debug.AspNetCompiler.TargetPath = "PrecompiledWeb\localhost_2266\"
		Debug.AspNetCompiler.Updateable = "true"
		Debug.AspNetCompiler.ForceOverwrite = "true"
		Debug.AspNetCompiler.FixedNames = "false"
		Debug.AspNetCompiler.Debug = "True"
		Release.AspNetCompiler.VirtualPath = "/localhost_2266"
		Release.AspNetCompiler.PhysicalPath = "WebResources\"
		Release.AspNetCompiler.TargetPath = "PrecompiledWeb\localhost_2266\"
		Release.AspNetCompiler.Updateable = "true"
		Release.AspNetCompiler.ForceOverwrite = "true"
		Release.AspNetCompiler.FixedNames = "false"
		Release.AspNetCompiler.Debug = "False"
		VWDPort = "2266"
		SlnRelativePath = "WebResources\"
	EndProjectSection
EndProject
Project("{FAE04EC0-301F-11D3-BF4B-00C04F79EFBC}") = "Plugins", "Plugins\Plugins.csproj", "{9E810318-06BE-4163-A6D5-2DEADA02A884}"
EndProject
Project("{FAE04EC0-301F-11D3-BF4B-00C04F79EFBC}") = "DeploymentPackage", "DeploymentPackage\DeploymentPackage.csproj", "{170C0103-3F94-4896-9062-6314167F596A}"
EndProject
Project("{E24C65DC-7377-472B-9ABA-BC803B73C61A}") = "DataSeeds", "DataSeeds\", "{18FF2914-8B51-4B9A-811A-E6D39DDD315C}"
	ProjectSection(WebsiteProperties) = preProject
		TargetFrameworkMoniker = ".NETFramework,Version%3Dv4.0"
		Debug.AspNetCompiler.VirtualPath = "/localhost_22901"
		Debug.AspNetCompiler.PhysicalPath = "DataSeeds\"
		Debug.AspNetCompiler.TargetPath = "PrecompiledWeb\localhost_22901\"
		Debug.AspNetCompiler.Updateable = "true"
		Debug.AspNetCompiler.ForceOverwrite = "true"
		Debug.AspNetCompiler.FixedNames = "false"
		Debug.AspNetCompiler.Debug = "True"
		Release.AspNetCompiler.VirtualPath = "/localhost_22901"
		Release.AspNetCompiler.PhysicalPath = "DataSeeds\"
		Release.AspNetCompiler.TargetPath = "PrecompiledWeb\localhost_22901\"
		Release.AspNetCompiler.Updateable = "true"
		Release.AspNetCompiler.ForceOverwrite = "true"
		Release.AspNetCompiler.FixedNames = "false"
		Release.AspNetCompiler.Debug = "False"
		VWDPort = "22901"
		SlnRelativePath = "DataSeeds\"
	EndProjectSection
EndProject
Project("{2150E333-8FDC-42A3-9474-1A3956D46DE8}") = "temp", "temp", "{B708D77F-5138-43A6-A3BC-12238B0F9A01}"
EndProject
Global
	GlobalSection(SolutionConfigurationPlatforms) = preSolution
		Debug|Any CPU = Debug|Any CPU
		Release|Any CPU = Release|Any CPU
	EndGlobalSection
	GlobalSection(ProjectConfigurationPlatforms) = postSolution
		{6C9A97A7-82FC-4C1D-A11F-5048BCA47A86}.Debug|Any CPU.ActiveCfg = Debug|Any CPU
		{6C9A97A7-82FC-4C1D-A11F-5048BCA47A86}.Debug|Any CPU.Build.0 = Debug|Any CPU
		{6C9A97A7-82FC-4C1D-A11F-5048BCA47A86}.Release|Any CPU.ActiveCfg = Debug|Any CPU
		{6C9A97A7-82FC-4C1D-A11F-5048BCA47A86}.Release|Any CPU.Build.0 = Debug|Any CPU
		{A23954EE-20E3-49CD-97C2-D1B5DA4712B7}.Debug|Any CPU.ActiveCfg = Debug|Any CPU
		{A23954EE-20E3-49CD-97C2-D1B5DA4712B7}.Debug|Any CPU.Build.0 = Debug|Any CPU
		{A23954EE-20E3-49CD-97C2-D1B5DA4712B7}.Release|Any CPU.ActiveCfg = Debug|Any CPU
		{A23954EE-20E3-49CD-97C2-D1B5DA4712B7}.Release|Any CPU.Build.0 = Debug|Any CPU
		{9E810318-06BE-4163-A6D5-2DEADA02A884}.Debug|Any CPU.ActiveCfg = Debug|Any CPU
		{9E810318-06BE-4163-A6D5-2DEADA02A884}.Debug|Any CPU.Build.0 = Debug|Any CPU
		{9E810318-06BE-4163-A6D5-2DEADA02A884}.Release|Any CPU.ActiveCfg = Release|Any CPU
		{9E810318-06BE-4163-A6D5-2DEADA02A884}.Release|Any CPU.Build.0 = Release|Any CPU
		{170C0103-3F94-4896-9062-6314167F596A}.Debug|Any CPU.ActiveCfg = Debug|Any CPU
		{170C0103-3F94-4896-9062-6314167F596A}.Debug|Any CPU.Build.0 = Debug|Any CPU
		{170C0103-3F94-4896-9062-6314167F596A}.Release|Any CPU.ActiveCfg = Release|Any CPU
		{170C0103-3F94-4896-9062-6314167F596A}.Release|Any CPU.Build.0 = Release|Any CPU
		{18FF2914-8B51-4B9A-811A-E6D39DDD315C}.Debug|Any CPU.ActiveCfg = Debug|Any CPU
		{18FF2914-8B51-4B9A-811A-E6D39DDD315C}.Debug|Any CPU.Build.0 = Debug|Any CPU
		{18FF2914-8B51-4B9A-811A-E6D39DDD315C}.Release|Any CPU.ActiveCfg = Debug|Any CPU
		{18FF2914-8B51-4B9A-811A-E6D39DDD315C}.Release|Any CPU.Build.0 = Debug|Any CPU
	EndGlobalSection
	GlobalSection(SolutionProperties) = preSolution
		HideSolutionNode = FALSE
	EndGlobalSection
	GlobalSection(NestedProjects) = preSolution
		{170C0103-3F94-4896-9062-6314167F596A} = {B708D77F-5138-43A6-A3BC-12238B0F9A01}
		{18FF2914-8B51-4B9A-811A-E6D39DDD315C} = {B708D77F-5138-43A6-A3BC-12238B0F9A01}
	EndGlobalSection
	GlobalSection(ExtensibilityGlobals) = postSolution
		SolutionGuid = {9391DE40-8CF7-4C51-8BCC-97578B2D3EAB}
	EndGlobalSection
EndGlobal
